
Microsoft Visual Studio Solution File, Format Version 12.00
# Visual Studio 2013
VisualStudioVersion = 12.0.21005.1
MinimumVisualStudioVersion = 10.0.40219.1
Project("{FAE04EC0-301F-11D3-BF4B-00C04F79EFBC}") = "AVR_3", "AVR_3\AVR_3.csproj", "{42A5A842-FE23-4B99-921A-7823804F81DB}"
EndProject
Project("{FAE04EC0-301F-11D3-BF4B-00C04F79EFBC}") = "RealCurrentChart", "RealCurrentChart\RealCurrentChart.csproj", "{0AD005B2-8309-4A18-9F75-658D73516780}"
EndProject
Project("{FAE04EC0-301F-11D3-BF4B-00C04F79EFBC}") = "FileReader", "FileReader\FileReader.csproj", "{18267C5C-9110-4A12-9A58-CCFCE171EA16}"
EndProject
Project("{FAE04EC0-301F-11D3-BF4B-00C04F79EFBC}") = "CreateDllDemo", "CreateDllDemo\CreateDllDemo.csproj", "{4A05F14E-ECE7-42BD-B3C9-F52795473D38}"
EndProject
Project("{FAE04EC0-301F-11D3-BF4B-00C04F79EFBC}") = "LoadDllDemo", "LoadDllDemo\LoadDllDemo.csproj", "{C8A833EA-7314-458C-8C32-96422D5F1076}"
EndProject
Project("{FAE04EC0-301F-11D3-BF4B-00C04F79EFBC}") = "SocketSever", "SocketSever\SocketSever.csproj", "{49234990-C34D-4CDF-B36B-DCC8FE147AFB}"
EndProject
Project("{FAE04EC0-301F-11D3-BF4B-00C04F79EFBC}") = "Log", "Log\Log.csproj", "{6C8B0A29-6C1C-4785-9557-8E8D5ECD41FC}"
EndProject
Project("{FAE04EC0-301F-11D3-BF4B-00C04F79EFBC}") = "CarControl", "CarControl\CarControl.csproj", "{85C09440-4135-4C68-96E9-66971CEB6ABE}"
EndProject
Project("{8BC9CEB8-8B4A-11D0-8D11-00A0C91BC942}") = "AVR_4.0", "AVR_4.0\AVR_4.0.vcxproj", "{79FEEAC9-0E41-4251-BBA9-15CC1348E9A4}"
EndProject
Project("{FAE04EC0-301F-11D3-BF4B-00C04F79EFBC}") = "MessageBoxOut", "MessageBoxOut\MessageBoxOut.csproj", "{44CE0967-C6C2-44F5-A711-CBFEAF6484EE}"
EndProject
Project("{FAE04EC0-301F-11D3-BF4B-00C04F79EFBC}") = "GPIO", "GPIO\GPIO.csproj", "{C2F67C31-75BE-4BD8-B98C-2492F8456E63}"
EndProject
Project("{FAE04EC0-301F-11D3-BF4B-00C04F79EFBC}") = "ModbusGapTest", "ModbusGapTest\ModbusGapTest.csproj", "{65FB7352-3416-4078-8DE7-C9B36A0CE259}"
EndProject
Project("{FAE04EC0-301F-11D3-BF4B-00C04F79EFBC}") = "ChangeBoudRate", "ChangeBoudRate\ChangeBoudRate.csproj", "{7D88E644-DD7F-4443-B5F8-A7D0E193D75A}"
EndProject
Global
	GlobalSection(SolutionConfigurationPlatforms) = preSolution
		Debug|Any CPU = Debug|Any CPU
		Debug|Mixed Platforms = Debug|Mixed Platforms
		Debug|Win32 = Debug|Win32
		Debug|x64 = Debug|x64
		Debug|x86 = Debug|x86
		Release|Any CPU = Release|Any CPU
		Release|Mixed Platforms = Release|Mixed Platforms
		Release|Win32 = Release|Win32
		Release|x64 = Release|x64
		Release|x86 = Release|x86
	EndGlobalSection
	GlobalSection(ProjectConfigurationPlatforms) = postSolution
		{42A5A842-FE23-4B99-921A-7823804F81DB}.Debug|Any CPU.ActiveCfg = Debug|Any CPU
		{42A5A842-FE23-4B99-921A-7823804F81DB}.Debug|Any CPU.Build.0 = Debug|Any CPU
		{42A5A842-FE23-4B99-921A-7823804F81DB}.Debug|Mixed Platforms.ActiveCfg = Debug|x86
		{42A5A842-FE23-4B99-921A-7823804F81DB}.Debug|Mixed Platforms.Build.0 = Debug|x86
		{42A5A842-FE23-4B99-921A-7823804F81DB}.Debug|Win32.ActiveCfg = Debug|x86
		{42A5A842-FE23-4B99-921A-7823804F81DB}.Debug|Win32.Build.0 = Debug|x86
		{42A5A842-FE23-4B99-921A-7823804F81DB}.Debug|x64.ActiveCfg = Debug|Any CPU
		{42A5A842-FE23-4B99-921A-7823804F81DB}.Debug|x86.ActiveCfg = Debug|x86
		{42A5A842-FE23-4B99-921A-7823804F81DB}.Debug|x86.Build.0 = Debug|x86
		{42A5A842-FE23-4B99-921A-7823804F81DB}.Release|Any CPU.ActiveCfg = Release|Any CPU
		{42A5A842-FE23-4B99-921A-7823804F81DB}.Release|Mixed Platforms.ActiveCfg = Release|x86
		{42A5A842-FE23-4B99-921A-7823804F81DB}.Release|Mixed Platforms.Build.0 = Release|x86
		{42A5A842-FE23-4B99-921A-7823804F81DB}.Release|Win32.ActiveCfg = Release|x86
		{42A5A842-FE23-4B99-921A-7823804F81DB}.Release|Win32.Build.0 = Release|x86
		{42A5A842-FE23-4B99-921A-7823804F81DB}.Release|x64.ActiveCfg = Release|Any CPU
		{42A5A842-FE23-4B99-921A-7823804F81DB}.Release|x86.ActiveCfg = Release|x86
		{42A5A842-FE23-4B99-921A-7823804F81DB}.Release|x86.Build.0 = Release|x86
		{0AD005B2-8309-4A18-9F75-658D73516780}.Debug|Any CPU.ActiveCfg = Debug|Any CPU
		{0AD005B2-8309-4A18-9F75-658D73516780}.Debug|Any CPU.Build.0 = Debug|Any CPU
		{0AD005B2-8309-4A18-9F75-658D73516780}.Debug|Mixed Platforms.ActiveCfg = Debug|Any CPU
		{0AD005B2-8309-4A18-9F75-658D73516780}.Debug|Mixed Platforms.Build.0 = Debug|Any CPU
		{0AD005B2-8309-4A18-9F75-658D73516780}.Debug|Win32.ActiveCfg = Debug|Any CPU
		{0AD005B2-8309-4A18-9F75-658D73516780}.Debug|x64.ActiveCfg = Debug|Any CPU
		{0AD005B2-8309-4A18-9F75-658D73516780}.Debug|x86.ActiveCfg = Debug|Any CPU
		{0AD005B2-8309-4A18-9F75-658D73516780}.Release|Any CPU.ActiveCfg = Release|Any CPU
		{0AD005B2-8309-4A18-9F75-658D73516780}.Release|Any CPU.Build.0 = Release|Any CPU
		{0AD005B2-8309-4A18-9F75-658D73516780}.Release|Mixed Platforms.ActiveCfg = Release|Any CPU
		{0AD005B2-8309-4A18-9F75-658D73516780}.Release|Mixed Platforms.Build.0 = Release|Any CPU
		{0AD005B2-8309-4A18-9F75-658D73516780}.Release|Win32.ActiveCfg = Release|Any CPU
		{0AD005B2-8309-4A18-9F75-658D73516780}.Release|x64.ActiveCfg = Release|Any CPU
		{0AD005B2-8309-4A18-9F75-658D73516780}.Release|x86.ActiveCfg = Release|Any CPU
		{18267C5C-9110-4A12-9A58-CCFCE171EA16}.Debug|Any CPU.ActiveCfg = Debug|Any CPU
		{18267C5C-9110-4A12-9A58-CCFCE171EA16}.Debug|Any CPU.Build.0 = Debug|Any CPU
		{18267C5C-9110-4A12-9A58-CCFCE171EA16}.Debug|Mixed Platforms.ActiveCfg = Debug|Any CPU
		{18267C5C-9110-4A12-9A58-CCFCE171EA16}.Debug|Mixed Platforms.Build.0 = Debug|Any CPU
		{18267C5C-9110-4A12-9A58-CCFCE171EA16}.Debug|Win32.ActiveCfg = Debug|Any CPU
		{18267C5C-9110-4A12-9A58-CCFCE171EA16}.Debug|x64.ActiveCfg = Debug|Any CPU
		{18267C5C-9110-4A12-9A58-CCFCE171EA16}.Debug|x86.ActiveCfg = Debug|Any CPU
		{18267C5C-9110-4A12-9A58-CCFCE171EA16}.Release|Any CPU.ActiveCfg = Release|Any CPU
		{18267C5C-9110-4A12-9A58-CCFCE171EA16}.Release|Any CPU.Build.0 = Release|Any CPU
		{18267C5C-9110-4A12-9A58-CCFCE171EA16}.Release|Mixed Platforms.ActiveCfg = Release|Any CPU
		{18267C5C-9110-4A12-9A58-CCFCE171EA16}.Release|Mixed Platforms.Build.0 = Release|Any CPU
		{18267C5C-9110-4A12-9A58-CCFCE171EA16}.Release|Win32.ActiveCfg = Release|Any CPU
		{18267C5C-9110-4A12-9A58-CCFCE171EA16}.Release|x64.ActiveCfg = Release|Any CPU
		{18267C5C-9110-4A12-9A58-CCFCE171EA16}.Release|x86.ActiveCfg = Release|Any CPU
		{4A05F14E-ECE7-42BD-B3C9-F52795473D38}.Debug|Any CPU.ActiveCfg = Debug|Any CPU
		{4A05F14E-ECE7-42BD-B3C9-F52795473D38}.Debug|Any CPU.Build.0 = Debug|Any CPU
		{4A05F14E-ECE7-42BD-B3C9-F52795473D38}.Debug|Mixed Platforms.ActiveCfg = Debug|Any CPU
		{4A05F14E-ECE7-42BD-B3C9-F52795473D38}.Debug|Mixed Platforms.Build.0 = Debug|Any CPU
		{4A05F14E-ECE7-42BD-B3C9-F52795473D38}.Debug|Win32.ActiveCfg = Debug|Any CPU
		{4A05F14E-ECE7-42BD-B3C9-F52795473D38}.Debug|x64.ActiveCfg = Debug|Any CPU
		{4A05F14E-ECE7-42BD-B3C9-F52795473D38}.Debug|x86.ActiveCfg = Debug|Any CPU
		{4A05F14E-ECE7-42BD-B3C9-F52795473D38}.Release|Any CPU.ActiveCfg = Release|Any CPU
		{4A05F14E-ECE7-42BD-B3C9-F52795473D38}.Release|Any CPU.Build.0 = Release|Any CPU
		{4A05F14E-ECE7-42BD-B3C9-F52795473D38}.Release|Mixed Platforms.ActiveCfg = Release|Any CPU
		{4A05F14E-ECE7-42BD-B3C9-F52795473D38}.Release|Mixed Platforms.Build.0 = Release|Any CPU
		{4A05F14E-ECE7-42BD-B3C9-F52795473D38}.Release|Win32.ActiveCfg = Release|Any CPU
		{4A05F14E-ECE7-42BD-B3C9-F52795473D38}.Release|x64.ActiveCfg = Release|Any CPU
		{4A05F14E-ECE7-42BD-B3C9-F52795473D38}.Release|x86.ActiveCfg = Release|Any CPU
		{C8A833EA-7314-458C-8C32-96422D5F1076}.Debug|Any CPU.ActiveCfg = Debug|Any CPU
		{C8A833EA-7314-458C-8C32-96422D5F1076}.Debug|Any CPU.Build.0 = Debug|Any CPU
		{C8A833EA-7314-458C-8C32-96422D5F1076}.Debug|Mixed Platforms.ActiveCfg = Debug|Any CPU
		{C8A833EA-7314-458C-8C32-96422D5F1076}.Debug|Mixed Platforms.Build.0 = Debug|Any CPU
		{C8A833EA-7314-458C-8C32-96422D5F1076}.Debug|Win32.ActiveCfg = Debug|Any CPU
		{C8A833EA-7314-458C-8C32-96422D5F1076}.Debug|x64.ActiveCfg = Debug|Any CPU
		{C8A833EA-7314-458C-8C32-96422D5F1076}.Debug|x86.ActiveCfg = Debug|Any CPU
		{C8A833EA-7314-458C-8C32-96422D5F1076}.Release|Any CPU.ActiveCfg = Release|Any CPU
		{C8A833EA-7314-458C-8C32-96422D5F1076}.Release|Any CPU.Build.0 = Release|Any CPU
		{C8A833EA-7314-458C-8C32-96422D5F1076}.Release|Mixed Platforms.ActiveCfg = Release|Any CPU
		{C8A833EA-7314-458C-8C32-96422D5F1076}.Release|Mixed Platforms.Build.0 = Release|Any CPU
		{C8A833EA-7314-458C-8C32-96422D5F1076}.Release|Win32.ActiveCfg = Release|Any CPU
		{C8A833EA-7314-458C-8C32-96422D5F1076}.Release|x64.ActiveCfg = Release|Any CPU
		{C8A833EA-7314-458C-8C32-96422D5F1076}.Release|x86.ActiveCfg = Release|Any CPU
		{49234990-C34D-4CDF-B36B-DCC8FE147AFB}.Debug|Any CPU.ActiveCfg = Debug|Any CPU
		{49234990-C34D-4CDF-B36B-DCC8FE147AFB}.Debug|Any CPU.Build.0 = Debug|Any CPU
		{49234990-C34D-4CDF-B36B-DCC8FE147AFB}.Debug|Mixed Platforms.ActiveCfg = Debug|Any CPU
		{49234990-C34D-4CDF-B36B-DCC8FE147AFB}.Debug|Mixed Platforms.Build.0 = Debug|Any CPU
		{49234990-C34D-4CDF-B36B-DCC8FE147AFB}.Debug|Win32.ActiveCfg = Debug|Any CPU
		{49234990-C34D-4CDF-B36B-DCC8FE147AFB}.Debug|x64.ActiveCfg = Debug|Any CPU
		{49234990-C34D-4CDF-B36B-DCC8FE147AFB}.Debug|x86.ActiveCfg = Debug|Any CPU
		{49234990-C34D-4CDF-B36B-DCC8FE147AFB}.Release|Any CPU.ActiveCfg = Release|Any CPU
		{49234990-C34D-4CDF-B36B-DCC8FE147AFB}.Release|Any CPU.Build.0 = Release|Any CPU
		{49234990-C34D-4CDF-B36B-DCC8FE147AFB}.Release|Mixed Platforms.ActiveCfg = Release|Any CPU
		{49234990-C34D-4CDF-B36B-DCC8FE147AFB}.Release|Mixed Platforms.Build.0 = Release|Any CPU
		{49234990-C34D-4CDF-B36B-DCC8FE147AFB}.Release|Win32.ActiveCfg = Release|Any CPU
		{49234990-C34D-4CDF-B36B-DCC8FE147AFB}.Release|x64.ActiveCfg = Release|Any CPU
		{49234990-C34D-4CDF-B36B-DCC8FE147AFB}.Release|x86.ActiveCfg = Release|Any CPU
		{6C8B0A29-6C1C-4785-9557-8E8D5ECD41FC}.Debug|Any CPU.ActiveCfg = Debug|Any CPU
		{6C8B0A29-6C1C-4785-9557-8E8D5ECD41FC}.Debug|Any CPU.Build.0 = Debug|Any CPU
		{6C8B0A29-6C1C-4785-9557-8E8D5ECD41FC}.Debug|Mixed Platforms.ActiveCfg = Debug|Any CPU
		{6C8B0A29-6C1C-4785-9557-8E8D5ECD41FC}.Debug|Mixed Platforms.Build.0 = Debug|Any CPU
		{6C8B0A29-6C1C-4785-9557-8E8D5ECD41FC}.Debug|Win32.ActiveCfg = Debug|Any CPU
		{6C8B0A29-6C1C-4785-9557-8E8D5ECD41FC}.Debug|x64.ActiveCfg = Debug|Any CPU
		{6C8B0A29-6C1C-4785-9557-8E8D5ECD41FC}.Debug|x86.ActiveCfg = Debug|Any CPU
		{6C8B0A29-6C1C-4785-9557-8E8D5ECD41FC}.Release|Any CPU.ActiveCfg = Release|Any CPU
		{6C8B0A29-6C1C-4785-9557-8E8D5ECD41FC}.Release|Any CPU.Build.0 = Release|Any CPU
		{6C8B0A29-6C1C-4785-9557-8E8D5ECD41FC}.Release|Mixed Platforms.ActiveCfg = Release|Any CPU
		{6C8B0A29-6C1C-4785-9557-8E8D5ECD41FC}.Release|Mixed Platforms.Build.0 = Release|Any CPU
		{6C8B0A29-6C1C-4785-9557-8E8D5ECD41FC}.Release|Win32.ActiveCfg = Release|Any CPU
		{6C8B0A29-6C1C-4785-9557-8E8D5ECD41FC}.Release|x64.ActiveCfg = Release|Any CPU
		{6C8B0A29-6C1C-4785-9557-8E8D5ECD41FC}.Release|x86.ActiveCfg = Release|Any CPU
		{85C09440-4135-4C68-96E9-66971CEB6ABE}.Debug|Any CPU.ActiveCfg = Debug|Any CPU
		{85C09440-4135-4C68-96E9-66971CEB6ABE}.Debug|Any CPU.Build.0 = Debug|Any CPU
		{85C09440-4135-4C68-96E9-66971CEB6ABE}.Debug|Mixed Platforms.ActiveCfg = Debug|Any CPU
		{85C09440-4135-4C68-96E9-66971CEB6ABE}.Debug|Mixed Platforms.Build.0 = Debug|Any CPU
		{85C09440-4135-4C68-96E9-66971CEB6ABE}.Debug|Win32.ActiveCfg = Debug|Any CPU
		{85C09440-4135-4C68-96E9-66971CEB6ABE}.Debug|x64.ActiveCfg = Debug|Any CPU
		{85C09440-4135-4C68-96E9-66971CEB6ABE}.Debug|x86.ActiveCfg = Debug|Any CPU
		{85C09440-4135-4C68-96E9-66971CEB6ABE}.Release|Any CPU.ActiveCfg = Release|Any CPU
		{85C09440-4135-4C68-96E9-66971CEB6ABE}.Release|Any CPU.Build.0 = Release|Any CPU
		{85C09440-4135-4C68-96E9-66971CEB6ABE}.Release|Mixed Platforms.ActiveCfg = Release|Any CPU
		{85C09440-4135-4C68-96E9-66971CEB6ABE}.Release|Mixed Platforms.Build.0 = Release|Any CPU
		{85C09440-4135-4C68-96E9-66971CEB6ABE}.Release|Win32.ActiveCfg = Release|Any CPU
		{85C09440-4135-4C68-96E9-66971CEB6ABE}.Release|x64.ActiveCfg = Release|Any CPU
		{85C09440-4135-4C68-96E9-66971CEB6ABE}.Release|x86.ActiveCfg = Release|Any CPU
		{79FEEAC9-0E41-4251-BBA9-15CC1348E9A4}.Debug|Any CPU.ActiveCfg = Debug|Win32
		{79FEEAC9-0E41-4251-BBA9-15CC1348E9A4}.Debug|Mixed Platforms.ActiveCfg = Debug|Win32
		{79FEEAC9-0E41-4251-BBA9-15CC1348E9A4}.Debug|Mixed Platforms.Build.0 = Debug|Win32
		{79FEEAC9-0E41-4251-BBA9-15CC1348E9A4}.Debug|Win32.ActiveCfg = Debug|Win32
		{79FEEAC9-0E41-4251-BBA9-15CC1348E9A4}.Debug|Win32.Build.0 = Debug|Win32
		{79FEEAC9-0E41-4251-BBA9-15CC1348E9A4}.Debug|x64.ActiveCfg = Debug|Win32
		{79FEEAC9-0E41-4251-BBA9-15CC1348E9A4}.Debug|x86.ActiveCfg = Debug|Win32
		{79FEEAC9-0E41-4251-BBA9-15CC1348E9A4}.Debug|x86.Build.0 = Debug|Win32
		{79FEEAC9-0E41-4251-BBA9-15CC1348E9A4}.Release|Any CPU.ActiveCfg = Release|Win32
		{79FEEAC9-0E41-4251-BBA9-15CC1348E9A4}.Release|Mixed Platforms.ActiveCfg = Release|Win32
		{79FEEAC9-0E41-4251-BBA9-15CC1348E9A4}.Release|Mixed Platforms.Build.0 = Release|Win32
		{79FEEAC9-0E41-4251-BBA9-15CC1348E9A4}.Release|Win32.ActiveCfg = Release|Win32
		{79FEEAC9-0E41-4251-BBA9-15CC1348E9A4}.Release|Win32.Build.0 = Release|Win32
		{79FEEAC9-0E41-4251-BBA9-15CC1348E9A4}.Release|x64.ActiveCfg = Release|Win32
		{79FEEAC9-0E41-4251-BBA9-15CC1348E9A4}.Release|x86.ActiveCfg = Release|Win32
		{79FEEAC9-0E41-4251-BBA9-15CC1348E9A4}.Release|x86.Build.0 = Release|Win32
		{44CE0967-C6C2-44F5-A711-CBFEAF6484EE}.Debug|Any CPU.ActiveCfg = Debug|Any CPU
		{44CE0967-C6C2-44F5-A711-CBFEAF6484EE}.Debug|Any CPU.Build.0 = Debug|Any CPU
		{44CE0967-C6C2-44F5-A711-CBFEAF6484EE}.Debug|Mixed Platforms.ActiveCfg = Debug|Any CPU
		{44CE0967-C6C2-44F5-A711-CBFEAF6484EE}.Debug|Mixed Platforms.Build.0 = Debug|Any CPU
		{44CE0967-C6C2-44F5-A711-CBFEAF6484EE}.Debug|Win32.ActiveCfg = Debug|Any CPU
		{44CE0967-C6C2-44F5-A711-CBFEAF6484EE}.Debug|x64.ActiveCfg = Debug|Any CPU
		{44CE0967-C6C2-44F5-A711-CBFEAF6484EE}.Debug|x86.ActiveCfg = Debug|Any CPU
		{44CE0967-C6C2-44F5-A711-CBFEAF6484EE}.Release|Any CPU.ActiveCfg = Release|Any CPU
		{44CE0967-C6C2-44F5-A711-CBFEAF6484EE}.Release|Any CPU.Build.0 = Release|Any CPU
		{44CE0967-C6C2-44F5-A711-CBFEAF6484EE}.Release|Mixed Platforms.ActiveCfg = Release|Any CPU
		{44CE0967-C6C2-44F5-A711-CBFEAF6484EE}.Release|Mixed Platforms.Build.0 = Release|Any CPU
		{44CE0967-C6C2-44F5-A711-CBFEAF6484EE}.Release|Win32.ActiveCfg = Release|Any CPU
		{44CE0967-C6C2-44F5-A711-CBFEAF6484EE}.Release|x64.ActiveCfg = Release|Any CPU
		{44CE0967-C6C2-44F5-A711-CBFEAF6484EE}.Release|x86.ActiveCfg = Release|Any CPU
		{C2F67C31-75BE-4BD8-B98C-2492F8456E63}.Debug|Any CPU.ActiveCfg = Debug|Any CPU
		{C2F67C31-75BE-4BD8-B98C-2492F8456E63}.Debug|Any CPU.Build.0 = Debug|Any CPU
		{C2F67C31-75BE-4BD8-B98C-2492F8456E63}.Debug|Mixed Platforms.ActiveCfg = Debug|Any CPU
		{C2F67C31-75BE-4BD8-B98C-2492F8456E63}.Debug|Mixed Platforms.Build.0 = Debug|Any CPU
		{C2F67C31-75BE-4BD8-B98C-2492F8456E63}.Debug|Win32.ActiveCfg = Debug|Any CPU
		{C2F67C31-75BE-4BD8-B98C-2492F8456E63}.Debug|x64.ActiveCfg = Debug|Any CPU
		{C2F67C31-75BE-4BD8-B98C-2492F8456E63}.Debug|x86.ActiveCfg = Debug|Any CPU
		{C2F67C31-75BE-4BD8-B98C-2492F8456E63}.Release|Any CPU.ActiveCfg = Release|Any CPU
		{C2F67C31-75BE-4BD8-B98C-2492F8456E63}.Release|Any CPU.Build.0 = Release|Any CPU
		{C2F67C31-75BE-4BD8-B98C-2492F8456E63}.Release|Mixed Platforms.ActiveCfg = Release|Any CPU
		{C2F67C31-75BE-4BD8-B98C-2492F8456E63}.Release|Mixed Platforms.Build.0 = Release|Any CPU
		{C2F67C31-75BE-4BD8-B98C-2492F8456E63}.Release|Win32.ActiveCfg = Release|Any CPU
		{C2F67C31-75BE-4BD8-B98C-2492F8456E63}.Release|x64.ActiveCfg = Release|Any CPU
		{C2F67C31-75BE-4BD8-B98C-2492F8456E63}.Release|x86.ActiveCfg = Release|Any CPU
		{65FB7352-3416-4078-8DE7-C9B36A0CE259}.Debug|Any CPU.ActiveCfg = Debug|Any CPU
		{65FB7352-3416-4078-8DE7-C9B36A0CE259}.Debug|Any CPU.Build.0 = Debug|Any CPU
		{65FB7352-3416-4078-8DE7-C9B36A0CE259}.Debug|Mixed Platforms.ActiveCfg = Debug|Any CPU
		{65FB7352-3416-4078-8DE7-C9B36A0CE259}.Debug|Mixed Platforms.Build.0 = Debug|Any CPU
		{65FB7352-3416-4078-8DE7-C9B36A0CE259}.Debug|Win32.ActiveCfg = Debug|Any CPU
		{65FB7352-3416-4078-8DE7-C9B36A0CE259}.Debug|x64.ActiveCfg = Debug|Any CPU
		{65FB7352-3416-4078-8DE7-C9B36A0CE259}.Debug|x86.ActiveCfg = Debug|Any CPU
		{65FB7352-3416-4078-8DE7-C9B36A0CE259}.Release|Any CPU.ActiveCfg = Release|Any CPU
		{65FB7352-3416-4078-8DE7-C9B36A0CE259}.Release|Any CPU.Build.0 = Release|Any CPU
		{65FB7352-3416-4078-8DE7-C9B36A0CE259}.Release|Mixed Platforms.ActiveCfg = Release|Any CPU
		{65FB7352-3416-4078-8DE7-C9B36A0CE259}.Release|Mixed Platforms.Build.0 = Release|Any CPU
		{65FB7352-3416-4078-8DE7-C9B36A0CE259}.Release|Win32.ActiveCfg = Release|Any CPU
		{65FB7352-3416-4078-8DE7-C9B36A0CE259}.Release|x64.ActiveCfg = Release|Any CPU
		{65FB7352-3416-4078-8DE7-C9B36A0CE259}.Release|x86.ActiveCfg = Release|Any CPU
		{7D88E644-DD7F-4443-B5F8-A7D0E193D75A}.Debug|Any CPU.ActiveCfg = Debug|Any CPU
		{7D88E644-DD7F-4443-B5F8-A7D0E193D75A}.Debug|Any CPU.Build.0 = Debug|Any CPU
		{7D88E644-DD7F-4443-B5F8-A7D0E193D75A}.Debug|Mixed Platforms.ActiveCfg = Debug|Any CPU
		{7D88E644-DD7F-4443-B5F8-A7D0E193D75A}.Debug|Mixed Platforms.Build.0 = Debug|Any CPU
		{7D88E644-DD7F-4443-B5F8-A7D0E193D75A}.Debug|Win32.ActiveCfg = Debug|Any CPU
		{7D88E644-DD7F-4443-B5F8-A7D0E193D75A}.Debug|x64.ActiveCfg = Debug|x64
		{7D88E644-DD7F-4443-B5F8-A7D0E193D75A}.Debug|x64.Build.0 = Debug|x64
		{7D88E644-DD7F-4443-B5F8-A7D0E193D75A}.Debug|x86.ActiveCfg = Debug|Any CPU
		{7D88E644-DD7F-4443-B5F8-A7D0E193D75A}.Release|Any CPU.ActiveCfg = Release|Any CPU
		{7D88E644-DD7F-4443-B5F8-A7D0E193D75A}.Release|Any CPU.Build.0 = Release|Any CPU
		{7D88E644-DD7F-4443-B5F8-A7D0E193D75A}.Release|Mixed Platforms.ActiveCfg = Release|Any CPU
		{7D88E644-DD7F-4443-B5F8-A7D0E193D75A}.Release|Mixed Platforms.Build.0 = Release|Any CPU
		{7D88E644-DD7F-4443-B5F8-A7D0E193D75A}.Release|Win32.ActiveCfg = Release|Any CPU
		{7D88E644-DD7F-4443-B5F8-A7D0E193D75A}.Release|x64.ActiveCfg = Release|x64
		{7D88E644-DD7F-4443-B5F8-A7D0E193D75A}.Release|x64.Build.0 = Release|x64
		{7D88E644-DD7F-4443-B5F8-A7D0E193D75A}.Release|x86.ActiveCfg = Release|Any CPU
	EndGlobalSection
	GlobalSection(SolutionProperties) = preSolution
		HideSolutionNode = FALSE
	EndGlobalSection
EndGlobal
